
Microsoft Visual Studio Solution File, Format Version 12.00
# Visual Studio Version 16
VisualStudioVersion = 16.0.29102.190
MinimumVisualStudioVersion = 10.0.40219.1
Project("{FAE04EC0-301F-11D3-BF4B-00C04F79EFBC}") = "Sogeti", "Sogeti\Sogeti.csproj", "{AD317812-F7E4-4E0F-940E-3580ED3FBAEA}"
EndProject
Project("{FAE04EC0-301F-11D3-BF4B-00C04F79EFBC}") = "Sogeti.Models", "Sogeti.Models\Sogeti.Models.csproj", "{51C460DF-0537-46FD-9FB2-076B3BA69632}"
EndProject
Project("{FAE04EC0-301F-11D3-BF4B-00C04F79EFBC}") = "Sogeti.Services", "Sogeti.Services\Sogeti.Services.csproj", "{3FE2E20F-D001-4012-9128-4C73856486CD}"
EndProject
Project("{FAE04EC0-301F-11D3-BF4B-00C04F79EFBC}") = "Sogeti.Repository", "Sogeti.Repository\Sogeti.Repository.csproj", "{4D46BFDA-5ABC-4B75-8AF7-EA046F4532DE}"
EndProject
Project("{FAE04EC0-301F-11D3-BF4B-00C04F79EFBC}") = "Sogeti.TestProject", "Sogeti.TestProject\Sogeti.TestProject.csproj", "{02780270-72B5-4C94-BEE1-236793186019}"
EndProject
Global
	GlobalSection(SolutionConfigurationPlatforms) = preSolution
		Debug|Any CPU = Debug|Any CPU
		Release|Any CPU = Release|Any CPU
	EndGlobalSection
	GlobalSection(ProjectConfigurationPlatforms) = postSolution
		{AD317812-F7E4-4E0F-940E-3580ED3FBAEA}.Debug|Any CPU.ActiveCfg = Debug|Any CPU
		{AD317812-F7E4-4E0F-940E-3580ED3FBAEA}.Debug|Any CPU.Build.0 = Debug|Any CPU
		{AD317812-F7E4-4E0F-940E-3580ED3FBAEA}.Release|Any CPU.ActiveCfg = Release|Any CPU
		{AD317812-F7E4-4E0F-940E-3580ED3FBAEA}.Release|Any CPU.Build.0 = Release|Any CPU
		{51C460DF-0537-46FD-9FB2-076B3BA69632}.Debug|Any CPU.ActiveCfg = Debug|Any CPU
		{51C460DF-0537-46FD-9FB2-076B3BA69632}.Debug|Any CPU.Build.0 = Debug|Any CPU
		{51C460DF-0537-46FD-9FB2-076B3BA69632}.Release|Any CPU.ActiveCfg = Release|Any CPU
		{51C460DF-0537-46FD-9FB2-076B3BA69632}.Release|Any CPU.Build.0 = Release|Any CPU
		{3FE2E20F-D001-4012-9128-4C73856486CD}.Debug|Any CPU.ActiveCfg = Debug|Any CPU
		{3FE2E20F-D001-4012-9128-4C73856486CD}.Debug|Any CPU.Build.0 = Debug|Any CPU
		{3FE2E20F-D001-4012-9128-4C73856486CD}.Release|Any CPU.ActiveCfg = Release|Any CPU
		{3FE2E20F-D001-4012-9128-4C73856486CD}.Release|Any CPU.Build.0 = Release|Any CPU
		{4D46BFDA-5ABC-4B75-8AF7-EA046F4532DE}.Debug|Any CPU.ActiveCfg = Debug|Any CPU
		{4D46BFDA-5ABC-4B75-8AF7-EA046F4532DE}.Debug|Any CPU.Build.0 = Debug|Any CPU
		{4D46BFDA-5ABC-4B75-8AF7-EA046F4532DE}.Release|Any CPU.ActiveCfg = Release|Any CPU
		{4D46BFDA-5ABC-4B75-8AF7-EA046F4532DE}.Release|Any CPU.Build.0 = Release|Any CPU
		{02780270-72B5-4C94-BEE1-236793186019}.Debug|Any CPU.ActiveCfg = Debug|Any CPU
		{02780270-72B5-4C94-BEE1-236793186019}.Debug|Any CPU.Build.0 = Debug|Any CPU
		{02780270-72B5-4C94-BEE1-236793186019}.Release|Any CPU.ActiveCfg = Release|Any CPU
		{02780270-72B5-4C94-BEE1-236793186019}.Release|Any CPU.Build.0 = Release|Any CPU
	EndGlobalSection
	GlobalSection(SolutionProperties) = preSolution
		HideSolutionNode = FALSE
	EndGlobalSection
	GlobalSection(ExtensibilityGlobals) = postSolution
		SolutionGuid = {7CC03969-D1F8-4A23-AC80-DBCC82FB6406}
	EndGlobalSection
EndGlobal
